
Microsoft Visual Studio Solution File, Format Version 12.00
# Visual Studio Version 17
VisualStudioVersion = 17.0.31903.59
MinimumVisualStudioVersion = 10.0.40219.1
Project("{FAE04EC0-301F-11D3-BF4B-00C04F79EFBC}") = "MilesAhead.Web", "MilesAhead.Web\MilesAhead.Web.csproj", "{63563EAE-380B-46FC-AC1A-D4566C358D0B}"
EndProject
Project("{FAE04EC0-301F-11D3-BF4B-00C04F79EFBC}") = "Components.Repository", "Components.Repository\Components.Repository.csproj", "{52C14DF0-EB8A-4391-9EDE-01509B727C32}"
EndProject
Project("{FAE04EC0-301F-11D3-BF4B-00C04F79EFBC}") = "WireFrames.Core", "WireFrames.Core\WireFrames.Core.csproj", "{BBECDD2D-521D-4502-9FF0-8294CF94E01A}"
EndProject
Project("{FAE04EC0-301F-11D3-BF4B-00C04F79EFBC}") = "WireFrames.API", "WireFrames.API\WireFrames.API.csproj", "{AF269727-96BF-4016-8251-792CC58A3CE4}"
EndProject
Global
	GlobalSection(SolutionConfigurationPlatforms) = preSolution
		Debug|Any CPU = Debug|Any CPU
		Release|Any CPU = Release|Any CPU
	EndGlobalSection
	GlobalSection(SolutionProperties) = preSolution
		HideSolutionNode = FALSE
	EndGlobalSection
	GlobalSection(ProjectConfigurationPlatforms) = postSolution
		{63563EAE-380B-46FC-AC1A-D4566C358D0B}.Debug|Any CPU.ActiveCfg = Debug|Any CPU
		{63563EAE-380B-46FC-AC1A-D4566C358D0B}.Debug|Any CPU.Build.0 = Debug|Any CPU
		{63563EAE-380B-46FC-AC1A-D4566C358D0B}.Release|Any CPU.ActiveCfg = Release|Any CPU
		{63563EAE-380B-46FC-AC1A-D4566C358D0B}.Release|Any CPU.Build.0 = Release|Any CPU
		{52C14DF0-EB8A-4391-9EDE-01509B727C32}.Debug|Any CPU.ActiveCfg = Debug|Any CPU
		{52C14DF0-EB8A-4391-9EDE-01509B727C32}.Debug|Any CPU.Build.0 = Debug|Any CPU
		{52C14DF0-EB8A-4391-9EDE-01509B727C32}.Release|Any CPU.ActiveCfg = Release|Any CPU
		{52C14DF0-EB8A-4391-9EDE-01509B727C32}.Release|Any CPU.Build.0 = Release|Any CPU
		{BBECDD2D-521D-4502-9FF0-8294CF94E01A}.Debug|Any CPU.ActiveCfg = Debug|Any CPU
		{BBECDD2D-521D-4502-9FF0-8294CF94E01A}.Debug|Any CPU.Build.0 = Debug|Any CPU
		{BBECDD2D-521D-4502-9FF0-8294CF94E01A}.Release|Any CPU.ActiveCfg = Release|Any CPU
		{BBECDD2D-521D-4502-9FF0-8294CF94E01A}.Release|Any CPU.Build.0 = Release|Any CPU
		{AF269727-96BF-4016-8251-792CC58A3CE4}.Debug|Any CPU.ActiveCfg = Debug|Any CPU
		{AF269727-96BF-4016-8251-792CC58A3CE4}.Debug|Any CPU.Build.0 = Debug|Any CPU
		{AF269727-96BF-4016-8251-792CC58A3CE4}.Release|Any CPU.ActiveCfg = Release|Any CPU
		{AF269727-96BF-4016-8251-792CC58A3CE4}.Release|Any CPU.Build.0 = Release|Any CPU
	EndGlobalSection
EndGlobal
